PODS:
  - AFNetworking (2.0.0-RC2):
    - AFNetworking/Core
    - AFNetworking/UIKit+AFNetworking
  - AFNetworking/Core (2.0.0-RC2)
  - AFNetworking/UIKit+AFNetworking (2.0.0-RC2)

DEPENDENCIES:
  - AFNetworking

SPEC CHECKSUMS:
  AFNetworking: 6b4bff71172dc36dd93b035c1cb52dd97d7ce428

COCOAPODS: 0.20.2
