PODS:
  - AFNetworking (2.0.0-RC1):
    - AFNetworking/Core
    - AFNetworking/UIKit+AFNetworking
  - AFNetworking/Core (2.0.0-RC1)
  - AFNetworking/UIKit+AFNetworking (2.0.0-RC1)

DEPENDENCIES:
  - AFNetworking

SPEC CHECKSUMS:
  AFNetworking: 29456fb87c4a62a5ae1d27baf6771a2cf327089f

COCOAPODS: 0.20.2
