// !$*UTF8*$!
{
	archiveVersion = 1;
	classes = {
	};
	objectVersion = 46;
	objects = {

/* Begin PBXBuildFile section */
		1328FD7A1DF0BA610013EA27 /* DayHeaderView.swift in Sources */ = {isa = PBXBuildFile; fileRef = 1328FD791DF0BA610013EA27 /* DayHeaderView.swift */; };
		1328FD7C1DF0EA840013EA27 /* UIVisualEffectView+Extension.swift in Sources */ = {isa = PBXBuildFile; fileRef = 1328FD7B1DF0EA840013EA27 /* UIVisualEffectView+Extension.swift */; };
		1371172B1DF084DA008BEE6F /* HourlyWeatherCollectionViewCell.swift in Sources */ = {isa = PBXBuildFile; fileRef = 1371172A1DF084DA008BEE6F /* HourlyWeatherCollectionViewCell.swift */; };
		13CCBE5D1DF116970041A854 /* UIViewController+Extension.swift in Sources */ = {isa = PBXBuildFile; fileRef = 13CCBE5C1DF116970041A854 /* UIViewController+Extension.swift */; };
		13CCBE5F1DF11AD90041A854 /* UIWindow+Extension.swift in Sources */ = {isa = PBXBuildFile; fileRef = 13CCBE5E1DF11AD90041A854 /* UIWindow+Extension.swift */; };
		13FC691E1DEF27F3004F28D7 /* CurrentWeather.swift in Sources */ = {isa = PBXBuildFile; fileRef = 13FC691D1DEF27F3004F28D7 /* CurrentWeather.swift */; };
		13FC69201DEF2B32004F28D7 /* HourlyWeather.swift in Sources */ = {isa = PBXBuildFile; fileRef = 13FC691F1DEF2B32004F28D7 /* HourlyWeather.swift */; };
		13FC69221DEF3483004F28D7 /* CurrentSettings.swift in Sources */ = {isa = PBXBuildFile; fileRef = 13FC69211DEF3483004F28D7 /* CurrentSettings.swift */; };
		44DE82B41BCDF45900A319D2 /* AppDelegate.swift in Sources */ = {isa = PBXBuildFile; fileRef = 44DE82B31BCDF45900A319D2 /* AppDelegate.swift */; };
		44DE82B91BCDF45900A319D2 /* Main.storyboard in Resources */ = {isa = PBXBuildFile; fileRef = 44DE82B71BCDF45900A319D2 /* Main.storyboard */; };
		44DE82BB1BCDF45900A319D2 /* Assets.xcassets in Resources */ = {isa = PBXBuildFile; fileRef = 44DE82BA1BCDF45900A319D2 /* Assets.xcassets */; };
		44DE82BE1BCDF45900A319D2 /* LaunchScreen.storyboard in Resources */ = {isa = PBXBuildFile; fileRef = 44DE82BC1BCDF45900A319D2 /* LaunchScreen.storyboard */; };
		44DE82C91BCDF45900A319D2 /* UmbrellaTests.swift in Sources */ = {isa = PBXBuildFile; fileRef = 44DE82C81BCDF45900A319D2 /* UmbrellaTests.swift */; };
		44DE82D71BCDF4BA00A319D2 /* SettingsViewController.swift in Sources */ = {isa = PBXBuildFile; fileRef = 44DE82D61BCDF4BA00A319D2 /* SettingsViewController.swift */; };
		44DE82D91BCDF4C500A319D2 /* MainViewController.swift in Sources */ = {isa = PBXBuildFile; fileRef = 44DE82D81BCDF4C500A319D2 /* MainViewController.swift */; };
		44DE82DD1BCDF7C800A319D2 /* UIColor+Nerdery.swift in Sources */ = {isa = PBXBuildFile; fileRef = 44DE82DC1BCDF7C800A319D2 /* UIColor+Nerdery.swift */; };
		44DE82DF1BCDF8EE00A319D2 /* WeatherRequest.swift in Sources */ = {isa = PBXBuildFile; fileRef = 44DE82DE1BCDF8EE00A319D2 /* WeatherRequest.swift */; };
		44DE82E11BCDFBBB00A319D2 /* String+Umbrella.swift in Sources */ = {isa = PBXBuildFile; fileRef = 44DE82E01BCDFBBB00A319D2 /* String+Umbrella.swift */; };
		8F57B348447F1E85899F1D01 /* Pods_UmbrellaTests.framework in Frameworks */ = {isa = PBXBuildFile; fileRef = D26495CCF954522CFEBD860A /* Pods_UmbrellaTests.framework */; };
		B4D554F8FE2022776F44FA5B /* Pods_Umbrella.framework in Frameworks */ = {isa = PBXBuildFile; fileRef = AD215F44794BB04AC5801CFC /* Pods_Umbrella.framework */; };
		F22DAF4D1FB60B8600FFA7E3 /* HourlyCellViewModel.swift in Sources */ = {isa = PBXBuildFile; fileRef = F22DAF4C1FB60B8600FFA7E3 /* HourlyCellViewModel.swift */; };
		F24A6E211FB4E028005B934F /* RxNetworkLayer.swift in Sources */ = {isa = PBXBuildFile; fileRef = F24A6E201FB4E028005B934F /* RxNetworkLayer.swift */; };
		F24FD0D41F02FAFD0061F404 /* AnimationFactory.swift in Sources */ = {isa = PBXBuildFile; fileRef = F24FD0D31F02FAFD0061F404 /* AnimationFactory.swift */; };
		F24FD0D81F068F190061F404 /* SampleViewController.swift in Sources */ = {isa = PBXBuildFile; fileRef = F24FD0D71F068F190061F404 /* SampleViewController.swift */; };
		F27215221FBA3D01003F3766 /* CurrentWeatherview.swift in Sources */ = {isa = PBXBuildFile; fileRef = F27215211FBA3D01003F3766 /* CurrentWeatherview.swift */; };
		F27215241FBA3D90003F3766 /* CurrentWeatherView.xib in Resources */ = {isa = PBXBuildFile; fileRef = F27215231FBA3D90003F3766 /* CurrentWeatherView.xib */; };
		F27215261FBA5B6C003F3766 /* ImageCache.swift in Sources */ = {isa = PBXBuildFile; fileRef = F27215251FBA5B6C003F3766 /* ImageCache.swift */; };
		F2A695E41FB62D5000F35E0B /* CurrentWeatherViewModel.swift in Sources */ = {isa = PBXBuildFile; fileRef = F2A695E31FB62D5000F35E0B /* CurrentWeatherViewModel.swift */; };
/* End PBXBuildFile section */

/* Begin PBXContainerItemProxy section */
		44DE82C51BCDF45900A319D2 /* PBXContainerItemProxy */ = {
			isa = PBXContainerItemProxy;
			containerPortal = 44DE82A81BCDF45900A319D2 /* Project object */;
			proxyType = 1;
			remoteGlobalIDString = 44DE82AF1BCDF45900A319D2;
			remoteInfo = Umbrella;
		};
/* End PBXContainerItemProxy section */

/* Begin PBXFileReference section */
		1328FD791DF0BA610013EA27 /* DayHeaderView.swift */ = {isa = PBXFileReference; fileEncoding = 4; lastKnownFileType = sourcecode.swift; path = DayHeaderView.swift; sourceTree = "<group>"; };
		1328FD7B1DF0EA840013EA27 /* UIVisualEffectView+Extension.swift */ = {isa = PBXFileReference; fileEncoding = 4; lastKnownFileType = sourcecode.swift; path = "UIVisualEffectView+Extension.swift"; sourceTree = "<group>"; };
		1371172A1DF084DA008BEE6F /* HourlyWeatherCollectionViewCell.swift */ = {isa = PBXFileReference; fileEncoding = 4; lastKnownFileType = sourcecode.swift; path = HourlyWeatherCollectionViewCell.swift; sourceTree = "<group>"; };
		13CCBE5C1DF116970041A854 /* UIViewController+Extension.swift */ = {isa = PBXFileReference; fileEncoding = 4; lastKnownFileType = sourcecode.swift; path = "UIViewController+Extension.swift"; sourceTree = "<group>"; };
		13CCBE5E1DF11AD90041A854 /* UIWindow+Extension.swift */ = {isa = PBXFileReference; fileEncoding = 4; lastKnownFileType = sourcecode.swift; path = "UIWindow+Extension.swift"; sourceTree = "<group>"; };
		13FC691D1DEF27F3004F28D7 /* CurrentWeather.swift */ = {isa = PBXFileReference; fileEncoding = 4; lastKnownFileType = sourcecode.swift; path = CurrentWeather.swift; sourceTree = "<group>"; };
		13FC691F1DEF2B32004F28D7 /* HourlyWeather.swift */ = {isa = PBXFileReference; fileEncoding = 4; lastKnownFileType = sourcecode.swift; path = HourlyWeather.swift; sourceTree = "<group>"; };
		13FC69211DEF3483004F28D7 /* CurrentSettings.swift */ = {isa = PBXFileReference; fileEncoding = 4; lastKnownFileType = sourcecode.swift; path = CurrentSettings.swift; sourceTree = "<group>"; };
		44AEF0281BDA729E0056621F /* landscape.png */ = {isa = PBXFileReference; lastKnownFileType = image.png; path = landscape.png; sourceTree = "<group>"; };
		44AEF0291BDA729E0056621F /* portrait-warm.png */ = {isa = PBXFileReference; lastKnownFileType = image.png; path = "portrait-warm.png"; sourceTree = "<group>"; };
		44AEF02A1BDA729E0056621F /* portrait.png */ = {isa = PBXFileReference; lastKnownFileType = image.png; path = portrait.png; sourceTree = "<group>"; };
		44AEF02B1BDA729E0056621F /* settings.png */ = {isa = PBXFileReference; lastKnownFileType = image.png; path = settings.png; sourceTree = "<group>"; };
		44DE82B01BCDF45900A319D2 /* Umbrella.app */ = {isa = PBXFileReference; explicitFileType = wrapper.application; includeInIndex = 0; path = Umbrella.app; sourceTree = BUILT_PRODUCTS_DIR; };
		44DE82B31BCDF45900A319D2 /* AppDelegate.swift */ = {isa = PBXFileReference; lastKnownFileType = sourcecode.swift; path = AppDelegate.swift; sourceTree = "<group>"; };
		44DE82B81BCDF45900A319D2 /* Base */ = {isa = PBXFileReference; lastKnownFileType = file.storyboard; name = Base; path = Base.lproj/Main.storyboard; sourceTree = "<group>"; };
		44DE82BA1BCDF45900A319D2 /* Assets.xcassets */ = {isa = PBXFileReference; lastKnownFileType = folder.assetcatalog; path = Assets.xcassets; sourceTree = "<group>"; };
		44DE82BD1BCDF45900A319D2 /* Base */ = {isa = PBXFileReference; lastKnownFileType = file.storyboard; name = Base; path = Base.lproj/LaunchScreen.storyboard; sourceTree = "<group>"; };
		44DE82BF1BCDF45900A319D2 /* Info.plist */ = {isa = PBXFileReference; lastKnownFileType = text.plist.xml; path = Info.plist; sourceTree = "<group>"; };
		44DE82C41BCDF45900A319D2 /* UmbrellaTests.xctest */ = {isa = PBXFileReference; explicitFileType = wrapper.cfbundle; includeInIndex = 0; path = UmbrellaTests.xctest; sourceTree = BUILT_PRODUCTS_DIR; };
		44DE82C81BCDF45900A319D2 /* UmbrellaTests.swift */ = {isa = PBXFileReference; lastKnownFileType = sourcecode.swift; path = UmbrellaTests.swift; sourceTree = "<group>"; };
		44DE82CA1BCDF45900A319D2 /* Info.plist */ = {isa = PBXFileReference; lastKnownFileType = text.plist.xml; path = Info.plist; sourceTree = "<group>"; };
		44DE82D61BCDF4BA00A319D2 /* SettingsViewController.swift */ = {isa = PBXFileReference; fileEncoding = 4; lastKnownFileType = sourcecode.swift; path = SettingsViewController.swift; sourceTree = "<group>"; };
		44DE82D81BCDF4C500A319D2 /* MainViewController.swift */ = {isa = PBXFileReference; fileEncoding = 4; lastKnownFileType = sourcecode.swift; path = MainViewController.swift; sourceTree = "<group>"; };
		44DE82DA1BCDF4FE00A319D2 /* metrics.md */ = {isa = PBXFileReference; fileEncoding = 4; lastKnownFileType = net.daringfireball.markdown; path = metrics.md; sourceTree = "<group>"; };
		44DE82DC1BCDF7C800A319D2 /* UIColor+Nerdery.swift */ = {isa = PBXFileReference; fileEncoding = 4; lastKnownFileType = sourcecode.swift; path = "UIColor+Nerdery.swift"; sourceTree = "<group>"; };
		44DE82DE1BCDF8EE00A319D2 /* WeatherRequest.swift */ = {isa = PBXFileReference; fileEncoding = 4; lastKnownFileType = sourcecode.swift; path = WeatherRequest.swift; sourceTree = "<group>"; };
		44DE82E01BCDFBBB00A319D2 /* String+Umbrella.swift */ = {isa = PBXFileReference; fileEncoding = 4; lastKnownFileType = sourcecode.swift; path = "String+Umbrella.swift"; sourceTree = "<group>"; };
		80A64B283A7C645C2E8D3772 /* Pods-UmbrellaTests.debug.xcconfig */ = {isa = PBXFileReference; includeInIndex = 1; lastKnownFileType = text.xcconfig; name = "Pods-UmbrellaTests.debug.xcconfig"; path = "Pods/Target Support Files/Pods-UmbrellaTests/Pods-UmbrellaTests.debug.xcconfig"; sourceTree = "<group>"; };
		8BD03380299F44C81F0C1B5F /* Pods-UmbrellaTests.release.xcconfig */ = {isa = PBXFileReference; includeInIndex = 1; lastKnownFileType = text.xcconfig; name = "Pods-UmbrellaTests.release.xcconfig"; path = "Pods/Target Support Files/Pods-UmbrellaTests/Pods-UmbrellaTests.release.xcconfig"; sourceTree = "<group>"; };
		AD215F44794BB04AC5801CFC /* Pods_Umbrella.framework */ = {isa = PBXFileReference; explicitFileType = wrapper.framework; includeInIndex = 0; path = Pods_Umbrella.framework; sourceTree = BUILT_PRODUCTS_DIR; };
		C6F71B68F73432DD383A90B4 /* Pods-Umbrella.debug.xcconfig */ = {isa = PBXFileReference; includeInIndex = 1; lastKnownFileType = text.xcconfig; name = "Pods-Umbrella.debug.xcconfig"; path = "Pods/Target Support Files/Pods-Umbrella/Pods-Umbrella.debug.xcconfig"; sourceTree = "<group>"; };
		D26495CCF954522CFEBD860A /* Pods_UmbrellaTests.framework */ = {isa = PBXFileReference; explicitFileType = wrapper.framework; includeInIndex = 0; path = Pods_UmbrellaTests.framework; sourceTree = BUILT_PRODUCTS_DIR; };
		D6DD49798B9A1500883A0F17 /* Pods-Umbrella.release.xcconfig */ = {isa = PBXFileReference; includeInIndex = 1; lastKnownFileType = text.xcconfig; name = "Pods-Umbrella.release.xcconfig"; path = "Pods/Target Support Files/Pods-Umbrella/Pods-Umbrella.release.xcconfig"; sourceTree = "<group>"; };
		F22DAF4C1FB60B8600FFA7E3 /* HourlyCellViewModel.swift */ = {isa = PBXFileReference; lastKnownFileType = sourcecode.swift; path = HourlyCellViewModel.swift; sourceTree = "<group>"; };
		F24A6E201FB4E028005B934F /* RxNetworkLayer.swift */ = {isa = PBXFileReference; fileEncoding = 4; lastKnownFileType = sourcecode.swift; path = RxNetworkLayer.swift; sourceTree = "<group>"; };
		F24FD0D31F02FAFD0061F404 /* AnimationFactory.swift */ = {isa = PBXFileReference; fileEncoding = 4; lastKnownFileType = sourcecode.swift; path = AnimationFactory.swift; sourceTree = "<group>"; };
		F24FD0D71F068F190061F404 /* SampleViewController.swift */ = {isa = PBXFileReference; fileEncoding = 4; lastKnownFileType = sourcecode.swift; path = SampleViewController.swift; sourceTree = "<group>"; };
		F27215211FBA3D01003F3766 /* CurrentWeatherview.swift */ = {isa = PBXFileReference; lastKnownFileType = sourcecode.swift; path = CurrentWeatherview.swift; sourceTree = "<group>"; };
		F27215231FBA3D90003F3766 /* CurrentWeatherView.xib */ = {isa = PBXFileReference; lastKnownFileType = file.xib; path = CurrentWeatherView.xib; sourceTree = "<group>"; };
		F27215251FBA5B6C003F3766 /* ImageCache.swift */ = {isa = PBXFileReference; lastKnownFileType = sourcecode.swift; path = ImageCache.swift; sourceTree = "<group>"; };
		F2A695E31FB62D5000F35E0B /* CurrentWeatherViewModel.swift */ = {isa = PBXFileReference; lastKnownFileType = sourcecode.swift; path = CurrentWeatherViewModel.swift; sourceTree = "<group>"; };
/* End PBXFileReference section */

/* Begin PBXFrameworksBuildPhase section */
		44DE82AD1BCDF45900A319D2 /* Frameworks */ = {
			isa = PBXFrameworksBuildPhase;
			buildActionMask = 2147483647;
			files = (
				B4D554F8FE2022776F44FA5B /* Pods_Umbrella.framework in Frameworks */,
			);
			runOnlyForDeploymentPostprocessing = 0;
		};
		44DE82C11BCDF45900A319D2 /* Frameworks */ = {
			isa = PBXFrameworksBuildPhase;
			buildActionMask = 2147483647;
			files = (
				8F57B348447F1E85899F1D01 /* Pods_UmbrellaTests.framework in Frameworks */,
			);
			runOnlyForDeploymentPostprocessing = 0;
		};
/* End PBXFrameworksBuildPhase section */

/* Begin PBXGroup section */
		1371172C1DF084DE008BEE6F /* Model Views */ = {
			isa = PBXGroup;
			children = (
				1371172A1DF084DA008BEE6F /* HourlyWeatherCollectionViewCell.swift */,
				F27215211FBA3D01003F3766 /* CurrentWeatherview.swift */,
				F27215231FBA3D90003F3766 /* CurrentWeatherView.xib */,
				1328FD791DF0BA610013EA27 /* DayHeaderView.swift */,
			);
			name = "Model Views";
			sourceTree = "<group>";
		};
		13FC691C1DECFC30004F28D7 /* Managers */ = {
			isa = PBXGroup;
			children = (
				F24A6E201FB4E028005B934F /* RxNetworkLayer.swift */,
				F27215251FBA5B6C003F3766 /* ImageCache.swift */,
			);
			name = Managers;
			sourceTree = "<group>";
		};
		44AEF0271BDA729E0056621F /* Reference Images */ = {
			isa = PBXGroup;
			children = (
				44AEF0281BDA729E0056621F /* landscape.png */,
				44AEF0291BDA729E0056621F /* portrait-warm.png */,
				44AEF02A1BDA729E0056621F /* portrait.png */,
				44AEF02B1BDA729E0056621F /* settings.png */,
			);
			path = "Reference Images";
			sourceTree = "<group>";
		};
		44DE82A71BCDF45900A319D2 = {
			isa = PBXGroup;
			children = (
				44AEF0271BDA729E0056621F /* Reference Images */,
				44DE82B21BCDF45900A319D2 /* Umbrella */,
				44DE82C71BCDF45900A319D2 /* UmbrellaTests */,
				44DE82B11BCDF45900A319D2 /* Products */,
				BED206015FB383FC92E09BA1 /* Pods */,
				A94E2BB0B6898650309CDB34 /* Frameworks */,
			);
			sourceTree = "<group>";
		};
		44DE82B11BCDF45900A319D2 /* Products */ = {
			isa = PBXGroup;
			children = (
				44DE82B01BCDF45900A319D2 /* Umbrella.app */,
				44DE82C41BCDF45900A319D2 /* UmbrellaTests.xctest */,
			);
			name = Products;
			sourceTree = "<group>";
		};
		44DE82B21BCDF45900A319D2 /* Umbrella */ = {
			isa = PBXGroup;
			children = (
				13FC691C1DECFC30004F28D7 /* Managers */,
				44DE82D51BCDF4A700A319D2 /* Extensions */,
				44DE82D41BCDF49900A319D2 /* Models */,
				44DE82D31BCDF48D00A319D2 /* View Controllers */,
				44DE82B31BCDF45900A319D2 /* AppDelegate.swift */,
				44DE82B71BCDF45900A319D2 /* Main.storyboard */,
				F24FD0D31F02FAFD0061F404 /* AnimationFactory.swift */,
				44DE82BA1BCDF45900A319D2 /* Assets.xcassets */,
				44DE82BC1BCDF45900A319D2 /* LaunchScreen.storyboard */,
				44DE82BF1BCDF45900A319D2 /* Info.plist */,
				44DE82DA1BCDF4FE00A319D2 /* metrics.md */,
			);
			path = Umbrella;
			sourceTree = "<group>";
		};
		44DE82C71BCDF45900A319D2 /* UmbrellaTests */ = {
			isa = PBXGroup;
			children = (
				44DE82C81BCDF45900A319D2 /* UmbrellaTests.swift */,
				44DE82CA1BCDF45900A319D2 /* Info.plist */,
			);
			path = UmbrellaTests;
			sourceTree = "<group>";
		};
		44DE82D31BCDF48D00A319D2 /* View Controllers */ = {
			isa = PBXGroup;
			children = (
				44DE82D81BCDF4C500A319D2 /* MainViewController.swift */,
				44DE82D61BCDF4BA00A319D2 /* SettingsViewController.swift */,
				F24FD0D71F068F190061F404 /* SampleViewController.swift */,
			);
			path = "View Controllers";
			sourceTree = "<group>";
		};
		44DE82D41BCDF49900A319D2 /* Models */ = {
			isa = PBXGroup;
			children = (
				1371172C1DF084DE008BEE6F /* Model Views */,
				44DE82DE1BCDF8EE00A319D2 /* WeatherRequest.swift */,
				13FC69211DEF3483004F28D7 /* CurrentSettings.swift */,
				13FC691D1DEF27F3004F28D7 /* CurrentWeather.swift */,
				13FC691F1DEF2B32004F28D7 /* HourlyWeather.swift */,
				F22DAF4B1FB60B6E00FFA7E3 /* ViewModels */,
			);
			path = Models;
			sourceTree = "<group>";
		};
		44DE82D51BCDF4A700A319D2 /* Extensions */ = {
			isa = PBXGroup;
			children = (
				44DE82DC1BCDF7C800A319D2 /* UIColor+Nerdery.swift */,
				13CCBE5E1DF11AD90041A854 /* UIWindow+Extension.swift */,
				1328FD7B1DF0EA840013EA27 /* UIVisualEffectView+Extension.swift */,
				13CCBE5C1DF116970041A854 /* UIViewController+Extension.swift */,
				44DE82E01BCDFBBB00A319D2 /* String+Umbrella.swift */,
			);
			path = Extensions;
			sourceTree = "<group>";
		};
		A94E2BB0B6898650309CDB34 /* Frameworks */ = {
			isa = PBXGroup;
			children = (
				AD215F44794BB04AC5801CFC /* Pods_Umbrella.framework */,
				D26495CCF954522CFEBD860A /* Pods_UmbrellaTests.framework */,
			);
			name = Frameworks;
			sourceTree = "<group>";
		};
		BED206015FB383FC92E09BA1 /* Pods */ = {
			isa = PBXGroup;
			children = (
				C6F71B68F73432DD383A90B4 /* Pods-Umbrella.debug.xcconfig */,
				D6DD49798B9A1500883A0F17 /* Pods-Umbrella.release.xcconfig */,
				80A64B283A7C645C2E8D3772 /* Pods-UmbrellaTests.debug.xcconfig */,
				8BD03380299F44C81F0C1B5F /* Pods-UmbrellaTests.release.xcconfig */,
			);
			name = Pods;
			sourceTree = "<group>";
		};
		F22DAF4B1FB60B6E00FFA7E3 /* ViewModels */ = {
			isa = PBXGroup;
			children = (
				F22DAF4C1FB60B8600FFA7E3 /* HourlyCellViewModel.swift */,
				F2A695E31FB62D5000F35E0B /* CurrentWeatherViewModel.swift */,
			);
			path = ViewModels;
			sourceTree = "<group>";
		};
/* End PBXGroup section */

/* Begin PBXNativeTarget section */
		44DE82AF1BCDF45900A319D2 /* Umbrella */ = {
			isa = PBXNativeTarget;
			buildConfigurationList = 44DE82CD1BCDF45900A319D2 /* Build configuration list for PBXNativeTarget "Umbrella" */;
			buildPhases = (
				393D3B498F372A5B60E17C4A /* [CP] Check Pods Manifest.lock */,
				44DE82AC1BCDF45900A319D2 /* Sources */,
				44DE82AD1BCDF45900A319D2 /* Frameworks */,
				44DE82AE1BCDF45900A319D2 /* Resources */,
				46D2F7A87A43C29A411D32AE /* [CP] Embed Pods Frameworks */,
				B012BACE18EE4AE149A5AFE4 /* [CP] Copy Pods Resources */,
			);
			buildRules = (
			);
			dependencies = (
			);
			name = Umbrella;
			productName = Umbrella;
			productReference = 44DE82B01BCDF45900A319D2 /* Umbrella.app */;
			productType = "com.apple.product-type.application";
		};
		44DE82C31BCDF45900A319D2 /* UmbrellaTests */ = {
			isa = PBXNativeTarget;
			buildConfigurationList = 44DE82D01BCDF45900A319D2 /* Build configuration list for PBXNativeTarget "UmbrellaTests" */;
			buildPhases = (
				42B7DD83A115C9F326B29B73 /* [CP] Check Pods Manifest.lock */,
				44DE82C01BCDF45900A319D2 /* Sources */,
				44DE82C11BCDF45900A319D2 /* Frameworks */,
				44DE82C21BCDF45900A319D2 /* Resources */,
				9FEF8919755787A776BF83C5 /* [CP] Embed Pods Frameworks */,
				0213143E43AA80CABD50693F /* [CP] Copy Pods Resources */,
			);
			buildRules = (
			);
			dependencies = (
				44DE82C61BCDF45900A319D2 /* PBXTargetDependency */,
			);
			name = UmbrellaTests;
			productName = UmbrellaTests;
			productReference = 44DE82C41BCDF45900A319D2 /* UmbrellaTests.xctest */;
			productType = "com.apple.product-type.bundle.unit-test";
		};
/* End PBXNativeTarget section */

/* Begin PBXProject section */
		44DE82A81BCDF45900A319D2 /* Project object */ = {
			isa = PBXProject;
			attributes = {
				LastUpgradeCheck = 0810;
				ORGANIZATIONNAME = "The Nerdery";
				TargetAttributes = {
					44DE82AF1BCDF45900A319D2 = {
						CreatedOnToolsVersion = 7.0.1;
						DevelopmentTeam = CWGEY6NZ77;
						LastSwiftMigration = 0810;
					};
					44DE82C31BCDF45900A319D2 = {
						CreatedOnToolsVersion = 7.0.1;
						LastSwiftMigration = 0810;
						TestTargetID = 44DE82AF1BCDF45900A319D2;
					};
				};
			};
			buildConfigurationList = 44DE82AB1BCDF45900A319D2 /* Build configuration list for PBXProject "Umbrella" */;
			compatibilityVersion = "Xcode 3.2";
			developmentRegion = English;
			hasScannedForEncodings = 0;
			knownRegions = (
				en,
				Base,
			);
			mainGroup = 44DE82A71BCDF45900A319D2;
			productRefGroup = 44DE82B11BCDF45900A319D2 /* Products */;
			projectDirPath = "";
			projectRoot = "";
			targets = (
				44DE82AF1BCDF45900A319D2 /* Umbrella */,
				44DE82C31BCDF45900A319D2 /* UmbrellaTests */,
			);
		};
/* End PBXProject section */

/* Begin PBXResourcesBuildPhase section */
		44DE82AE1BCDF45900A319D2 /* Resources */ = {
			isa = PBXResourcesBuildPhase;
			buildActionMask = 2147483647;
			files = (
				44DE82BE1BCDF45900A319D2 /* LaunchScreen.storyboard in Resources */,
				F27215241FBA3D90003F3766 /* CurrentWeatherView.xib in Resources */,
				44DE82BB1BCDF45900A319D2 /* Assets.xcassets in Resources */,
				44DE82B91BCDF45900A319D2 /* Main.storyboard in Resources */,
			);
			runOnlyForDeploymentPostprocessing = 0;
		};
		44DE82C21BCDF45900A319D2 /* Resources */ = {
			isa = PBXResourcesBuildPhase;
			buildActionMask = 2147483647;
			files = (
			);
			runOnlyForDeploymentPostprocessing = 0;
		};
/* End PBXResourcesBuildPhase section */

/* Begin PBXShellScriptBuildPhase section */
		0213143E43AA80CABD50693F /* [CP] Copy Pods Resources */ = {
			isa = PBXShellScriptBuildPhase;
			buildActionMask = 2147483647;
			files = (
			);
			inputPaths = (
			);
			name = "[CP] Copy Pods Resources";
			outputPaths = (
			);
			runOnlyForDeploymentPostprocessing = 0;
			shellPath = /bin/sh;
			shellScript = "\"${SRCROOT}/Pods/Target Support Files/Pods-UmbrellaTests/Pods-UmbrellaTests-resources.sh\"\n";
			showEnvVarsInLog = 0;
		};
		393D3B498F372A5B60E17C4A /* [CP] Check Pods Manifest.lock */ = {
			isa = PBXShellScriptBuildPhase;
			buildActionMask = 2147483647;
			files = (
			);
			inputPaths = (
			);
			name = "[CP] Check Pods Manifest.lock";
			outputPaths = (
			);
			runOnlyForDeploymentPostprocessing = 0;
			shellPath = /bin/sh;
			shellScript = "diff \"${PODS_ROOT}/../Podfile.lock\" \"${PODS_ROOT}/Manifest.lock\" > /dev/null\nif [ $? != 0 ] ; then\n    # print error to STDERR\n    echo \"error: The sandbox is not in sync with the Podfile.lock. Run 'pod install' or update your CocoaPods installation.\" >&2\n    exit 1\nfi\n";
			showEnvVarsInLog = 0;
		};
		42B7DD83A115C9F326B29B73 /* [CP] Check Pods Manifest.lock */ = {
			isa = PBXShellScriptBuildPhase;
			buildActionMask = 2147483647;
			files = (
			);
			inputPaths = (
			);
			name = "[CP] Check Pods Manifest.lock";
			outputPaths = (
			);
			runOnlyForDeploymentPostprocessing = 0;
			shellPath = /bin/sh;
			shellScript = "diff \"${PODS_ROOT}/../Podfile.lock\" \"${PODS_ROOT}/Manifest.lock\" > /dev/null\nif [ $? != 0 ] ; then\n    # print error to STDERR\n    echo \"error: The sandbox is not in sync with the Podfile.lock. Run 'pod install' or update your CocoaPods installation.\" >&2\n    exit 1\nfi\n";
			showEnvVarsInLog = 0;
		};
		46D2F7A87A43C29A411D32AE /* [CP] Embed Pods Frameworks */ = {
			isa = PBXShellScriptBuildPhase;
			buildActionMask = 2147483647;
			files = (
			);
			inputPaths = (
			);
			name = "[CP] Embed Pods Frameworks";
			outputPaths = (
			);
			runOnlyForDeploymentPostprocessing = 0;
			shellPath = /bin/sh;
			shellScript = "\"${SRCROOT}/Pods/Target Support Files/Pods-Umbrella/Pods-Umbrella-frameworks.sh\"\n";
			showEnvVarsInLog = 0;
		};
		9FEF8919755787A776BF83C5 /* [CP] Embed Pods Frameworks */ = {
			isa = PBXShellScriptBuildPhase;
			buildActionMask = 2147483647;
			files = (
			);
			inputPaths = (
			);
			name = "[CP] Embed Pods Frameworks";
			outputPaths = (
			);
			runOnlyForDeploymentPostprocessing = 0;
			shellPath = /bin/sh;
			shellScript = "\"${SRCROOT}/Pods/Target Support Files/Pods-UmbrellaTests/Pods-UmbrellaTests-frameworks.sh\"\n";
			showEnvVarsInLog = 0;
		};
		B012BACE18EE4AE149A5AFE4 /* [CP] Copy Pods Resources */ = {
			isa = PBXShellScriptBuildPhase;
			buildActionMask = 2147483647;
			files = (
			);
			inputPaths = (
			);
			name = "[CP] Copy Pods Resources";
			outputPaths = (
			);
			runOnlyForDeploymentPostprocessing = 0;
			shellPath = /bin/sh;
			shellScript = "\"${SRCROOT}/Pods/Target Support Files/Pods-Umbrella/Pods-Umbrella-resources.sh\"\n";
			showEnvVarsInLog = 0;
		};
/* End PBXShellScriptBuildPhase section */

/* Begin PBXSourcesBuildPhase section */
		44DE82AC1BCDF45900A319D2 /* Sources */ = {
			isa = PBXSourcesBuildPhase;
			buildActionMask = 2147483647;
			files = (
				13CCBE5F1DF11AD90041A854 /* UIWindow+Extension.swift in Sources */,
				13FC69221DEF3483004F28D7 /* CurrentSettings.swift in Sources */,
				F22DAF4D1FB60B8600FFA7E3 /* HourlyCellViewModel.swift in Sources */,
				F24A6E211FB4E028005B934F /* RxNetworkLayer.swift in Sources */,
				44DE82DF1BCDF8EE00A319D2 /* WeatherRequest.swift in Sources */,
				13CCBE5D1DF116970041A854 /* UIViewController+Extension.swift in Sources */,
				44DE82E11BCDFBBB00A319D2 /* String+Umbrella.swift in Sources */,
				13FC691E1DEF27F3004F28D7 /* CurrentWeather.swift in Sources */,
				13FC69201DEF2B32004F28D7 /* HourlyWeather.swift in Sources */,
				1371172B1DF084DA008BEE6F /* HourlyWeatherCollectionViewCell.swift in Sources */,
				1328FD7C1DF0EA840013EA27 /* UIVisualEffectView+Extension.swift in Sources */,
				44DE82DD1BCDF7C800A319D2 /* UIColor+Nerdery.swift in Sources */,
				44DE82D91BCDF4C500A319D2 /* MainViewController.swift in Sources */,
				44DE82B41BCDF45900A319D2 /* AppDelegate.swift in Sources */,
				F27215261FBA5B6C003F3766 /* ImageCache.swift in Sources */,
				1328FD7A1DF0BA610013EA27 /* DayHeaderView.swift in Sources */,
				F24FD0D41F02FAFD0061F404 /* AnimationFactory.swift in Sources */,
				F27215221FBA3D01003F3766 /* CurrentWeatherview.swift in Sources */,
				F24FD0D81F068F190061F404 /* SampleViewController.swift in Sources */,
				44DE82D71BCDF4BA00A319D2 /* SettingsViewController.swift in Sources */,
				F2A695E41FB62D5000F35E0B /* CurrentWeatherViewModel.swift in Sources */,
			);
			runOnlyForDeploymentPostprocessing = 0;
		};
		44DE82C01BCDF45900A319D2 /* Sources */ = {
			isa = PBXSourcesBuildPhase;
			buildActionMask = 2147483647;
			files = (
				44DE82C91BCDF45900A319D2 /* UmbrellaTests.swift in Sources */,
			);
			runOnlyForDeploymentPostprocessing = 0;
		};
/* End PBXSourcesBuildPhase section */

/* Begin PBXTargetDependency section */
		44DE82C61BCDF45900A319D2 /* PBXTargetDependency */ = {
			isa = PBXTargetDependency;
			target = 44DE82AF1BCDF45900A319D2 /* Umbrella */;
			targetProxy = 44DE82C51BCDF45900A319D2 /* PBXContainerItemProxy */;
		};
/* End PBXTargetDependency section */

/* Begin PBXVariantGroup section */
		44DE82B71BCDF45900A319D2 /* Main.storyboard */ = {
			isa = PBXVariantGroup;
			children = (
				44DE82B81BCDF45900A319D2 /* Base */,
			);
			name = Main.storyboard;
			sourceTree = "<group>";
		};
		44DE82BC1BCDF45900A319D2 /* LaunchScreen.storyboard */ = {
			isa = PBXVariantGroup;
			children = (
				44DE82BD1BCDF45900A319D2 /* Base */,
			);
			name = LaunchScreen.storyboard;
			sourceTree = "<group>";
		};
/* End PBXVariantGroup section */

/* Begin XCBuildConfiguration section */
		44DE82CB1BCDF45900A319D2 /* Debug */ = {
			isa = XCBuildConfiguration;
			buildSettings = {
				ALWAYS_SEARCH_USER_PATHS = NO;
				CLANG_CXX_LANGUAGE_STANDARD = "gnu++0x";
				CLANG_CXX_LIBRARY = "libc++";
				CLANG_ENABLE_MODULES = YES;
				CLANG_ENABLE_OBJC_ARC = YES;
				CLANG_WARN_BOOL_CONVERSION = YES;
				CLANG_WARN_CONSTANT_CONVERSION = YES;
				CLANG_WARN_DIRECT_OBJC_ISA_USAGE = YES_ERROR;
				CLANG_WARN_EMPTY_BODY = YES;
				CLANG_WARN_ENUM_CONVERSION = YES;
				CLANG_WARN_INFINITE_RECURSION = YES;
				CLANG_WARN_INT_CONVERSION = YES;
				CLANG_WARN_OBJC_ROOT_CLASS = YES_ERROR;
				CLANG_WARN_SUSPICIOUS_MOVE = YES;
				CLANG_WARN_UNREACHABLE_CODE = YES;
				CLANG_WARN__DUPLICATE_METHOD_MATCH = YES;
				"CODE_SIGN_IDENTITY[sdk=iphoneos*]" = "iPhone Developer";
				COPY_PHASE_STRIP = NO;
				DEBUG_INFORMATION_FORMAT = dwarf;
				ENABLE_STRICT_OBJC_MSGSEND = YES;
				ENABLE_TESTABILITY = YES;
				GCC_C_LANGUAGE_STANDARD = gnu99;
				GCC_DYNAMIC_NO_PIC = NO;
				GCC_NO_COMMON_BLOCKS = YES;
				GCC_OPTIMIZATION_LEVEL = 0;
				GCC_PREPROCESSOR_DEFINITIONS = (
					"DEBUG=1",
					"$(inherited)",
				);
				GCC_WARN_64_TO_32_BIT_CONVERSION = YES;
				GCC_WARN_ABOUT_RETURN_TYPE = YES_ERROR;
				GCC_WARN_UNDECLARED_SELECTOR = YES;
				GCC_WARN_UNINITIALIZED_AUTOS = YES_AGGRESSIVE;
				GCC_WARN_UNUSED_FUNCTION = YES;
				GCC_WARN_UNUSED_VARIABLE = YES;
				IPHONEOS_DEPLOYMENT_TARGET = 10.0;
				MTL_ENABLE_DEBUG_INFO = YES;
				ONLY_ACTIVE_ARCH = YES;
				SDKROOT = iphoneos;
				SWIFT_OPTIMIZATION_LEVEL = "-Onone";
			};
			name = Debug;
		};
		44DE82CC1BCDF45900A319D2 /* Release */ = {
			isa = XCBuildConfiguration;
			buildSettings = {
				ALWAYS_SEARCH_USER_PATHS = NO;
				CLANG_CXX_LANGUAGE_STANDARD = "gnu++0x";
				CLANG_CXX_LIBRARY = "libc++";
				CLANG_ENABLE_MODULES = YES;
				CLANG_ENABLE_OBJC_ARC = YES;
				CLANG_WARN_BOOL_CONVERSION = YES;
				CLANG_WARN_CONSTANT_CONVERSION = YES;
				CLANG_WARN_DIRECT_OBJC_ISA_USAGE = YES_ERROR;
				CLANG_WARN_EMPTY_BODY = YES;
				CLANG_WARN_ENUM_CONVERSION = YES;
				CLANG_WARN_INFINITE_RECURSION = YES;
				CLANG_WARN_INT_CONVERSION = YES;
				CLANG_WARN_OBJC_ROOT_CLASS = YES_ERROR;
				CLANG_WARN_SUSPICIOUS_MOVE = YES;
				CLANG_WARN_UNREACHABLE_CODE = YES;
				CLANG_WARN__DUPLICATE_METHOD_MATCH = YES;
				"CODE_SIGN_IDENTITY[sdk=iphoneos*]" = "iPhone Developer";
				COPY_PHASE_STRIP = NO;
				DEBUG_INFORMATION_FORMAT = "dwarf-with-dsym";
				ENABLE_NS_ASSERTIONS = NO;
				ENABLE_STRICT_OBJC_MSGSEND = YES;
				GCC_C_LANGUAGE_STANDARD = gnu99;
				GCC_NO_COMMON_BLOCKS = YES;
				GCC_WARN_64_TO_32_BIT_CONVERSION = YES;
				GCC_WARN_ABOUT_RETURN_TYPE = YES_ERROR;
				GCC_WARN_UNDECLARED_SELECTOR = YES;
				GCC_WARN_UNINITIALIZED_AUTOS = YES_AGGRESSIVE;
				GCC_WARN_UNUSED_FUNCTION = YES;
				GCC_WARN_UNUSED_VARIABLE = YES;
				IPHONEOS_DEPLOYMENT_TARGET = 10.0;
				MTL_ENABLE_DEBUG_INFO = NO;
				SDKROOT = iphoneos;
				SWIFT_OPTIMIZATION_LEVEL = "-Owholemodule";
				VALIDATE_PRODUCT = YES;
			};
			name = Release;
		};
		44DE82CE1BCDF45900A319D2 /* Debug */ = {
			isa = XCBuildConfiguration;
			baseConfigurationReference = C6F71B68F73432DD383A90B4 /* Pods-Umbrella.debug.xcconfig */;
			buildSettings = {
				ASSETCATALOG_COMPILER_APPICON_NAME = AppIcon;
				DEVELOPMENT_TEAM = CWGEY6NZ77;
				INFOPLIST_FILE = Umbrella/Info.plist;
				LD_RUNPATH_SEARCH_PATHS = "$(inherited) @executable_path/Frameworks";
				PRODUCT_BUNDLE_IDENTIFIER = com.nerdery.Umbrella2;
				PRODUCT_NAME = "$(TARGET_NAME)";
				SWIFT_VERSION = 3.0;
			};
			name = Debug;
		};
		44DE82CF1BCDF45900A319D2 /* Release */ = {
			isa = XCBuildConfiguration;
			baseConfigurationReference = D6DD49798B9A1500883A0F17 /* Pods-Umbrella.release.xcconfig */;
			buildSettings = {
				ASSETCATALOG_COMPILER_APPICON_NAME = AppIcon;
				DEVELOPMENT_TEAM = CWGEY6NZ77;
				INFOPLIST_FILE = Umbrella/Info.plist;
				LD_RUNPATH_SEARCH_PATHS = "$(inherited) @executable_path/Frameworks";
				PRODUCT_BUNDLE_IDENTIFIER = com.nerdery.Umbrella2;
				PRODUCT_NAME = "$(TARGET_NAME)";
				SWIFT_VERSION = 3.0;
			};
			name = Release;
		};
		44DE82D11BCDF45900A319D2 /* Debug */ = {
			isa = XCBuildConfiguration;
			baseConfigurationReference = 80A64B283A7C645C2E8D3772 /* Pods-UmbrellaTests.debug.xcconfig */;
			buildSettings = {
				BUNDLE_LOADER = "$(TEST_HOST)";
				INFOPLIST_FILE = UmbrellaTests/Info.plist;
				LD_RUNPATH_SEARCH_PATHS = "$(inherited) @executable_path/Frameworks @loader_path/Frameworks";
				PRODUCT_BUNDLE_IDENTIFIER = com.nerdery.UmbrellaTests;
				PRODUCT_NAME = "$(TARGET_NAME)";
				SWIFT_VERSION = 3.0;
				TEST_HOST = "$(BUILT_PRODUCTS_DIR)/Umbrella.app/Umbrella";
			};
			name = Debug;
		};
		44DE82D21BCDF45900A319D2 /* Release */ = {
			isa = XCBuildConfiguration;
			baseConfigurationReference = 8BD03380299F44C81F0C1B5F /* Pods-UmbrellaTests.release.xcconfig */;
			buildSettings = {
				BUNDLE_LOADER = "$(TEST_HOST)";
				INFOPLIST_FILE = UmbrellaTests/Info.plist;
				LD_RUNPATH_SEARCH_PATHS = "$(inherited) @executable_path/Frameworks @loader_path/Frameworks";
				PRODUCT_BUNDLE_IDENTIFIER = com.nerdery.UmbrellaTests;
				PRODUCT_NAME = "$(TARGET_NAME)";
				SWIFT_VERSION = 3.0;
				TEST_HOST = "$(BUILT_PRODUCTS_DIR)/Umbrella.app/Umbrella";
			};
			name = Release;
		};
/* End XCBuildConfiguration section */

/* Begin XCConfigurationList section */
		44DE82AB1BCDF45900A319D2 /* Build configuration list for PBXProject "Umbrella" */ = {
			isa = XCConfigurationList;
			buildConfigurations = (
				44DE82CB1BCDF45900A319D2 /* Debug */,
				44DE82CC1BCDF45900A319D2 /* Release */,
			);
			defaultConfigurationIsVisible = 0;
			defaultConfigurationName = Release;
		};
		44DE82CD1BCDF45900A319D2 /* Build configuration list for PBXNativeTarget "Umbrella" */ = {
			isa = XCConfigurationList;
			buildConfigurations = (
				44DE82CE1BCDF45900A319D2 /* Debug */,
				44DE82CF1BCDF45900A319D2 /* Release */,
			);
			defaultConfigurationIsVisible = 0;
			defaultConfigurationName = Release;
		};
		44DE82D01BCDF45900A319D2 /* Build configuration list for PBXNativeTarget "UmbrellaTests" */ = {
			isa = XCConfigurationList;
			buildConfigurations = (
				44DE82D11BCDF45900A319D2 /* Debug */,
				44DE82D21BCDF45900A319D2 /* Release */,
			);
			defaultConfigurationIsVisible = 0;
			defaultConfigurationName = Release;
		};
/* End XCConfigurationList section */
	};
	rootObject = 44DE82A81BCDF45900A319D2 /* Project object */;
}
